// !$*UTF8*$!
{
	archiveVersion = 1;
	classes = {
	};
	objectVersion = 56;
	objects = {

/* Begin PBXBuildFile section */
		35BA8FA313C13C059E0004E3 /* Pods_Note_Taking.framework in Frameworks */ = {isa = PBXBuildFile; fileRef = 5AF9F21B426B1FAF91D713CC /* Pods_Note_Taking.framework */; };
		688DB8A0D3A21926D32EF2F3 /* Pods_Note_Taking_Note_TakingUITests.framework in Frameworks */ = {isa = PBXBuildFile; fileRef = 7BC34750C891A1FDA8544E6F /* Pods_Note_Taking_Note_TakingUITests.framework */; };
		B285AC07B45A49BE0CDACE7A /* Pods_Note_TakingTests.framework in Frameworks */ = {isa = PBXBuildFile; fileRef = E883D8C33AD91F129B36DAA2 /* Pods_Note_TakingTests.framework */; };
		CB1621D72B30B83300D2E6EF /* Note_TakingApp.swift in Sources */ = {isa = PBXBuildFile; fileRef = CB1621D62B30B83300D2E6EF /* Note_TakingApp.swift */; };
		CB1621DB2B30B83400D2E6EF /* Assets.xcassets in Resources */ = {isa = PBXBuildFile; fileRef = CB1621DA2B30B83400D2E6EF /* Assets.xcassets */; };
		CB1621DE2B30B83400D2E6EF /* Preview Assets.xcassets in Resources */ = {isa = PBXBuildFile; fileRef = CB1621DD2B30B83400D2E6EF /* Preview Assets.xcassets */; };
		CB1621E82B30B83400D2E6EF /* Note_TakingTests.swift in Sources */ = {isa = PBXBuildFile; fileRef = CB1621E72B30B83400D2E6EF /* Note_TakingTests.swift */; };
		CB1621F22B30B83400D2E6EF /* Note_TakingUITests.swift in Sources */ = {isa = PBXBuildFile; fileRef = CB1621F12B30B83400D2E6EF /* Note_TakingUITests.swift */; };
		CB1621F42B30B83400D2E6EF /* Note_TakingUITestsLaunchTests.swift in Sources */ = {isa = PBXBuildFile; fileRef = CB1621F32B30B83400D2E6EF /* Note_TakingUITestsLaunchTests.swift */; };
		CB1622042B30C03900D2E6EF /* ListOfNotesViews.swift in Sources */ = {isa = PBXBuildFile; fileRef = CB1622032B30C03900D2E6EF /* ListOfNotesViews.swift */; };
		CB1622072B30CE4800D2E6EF /* NoteDetailsView.swift in Sources */ = {isa = PBXBuildFile; fileRef = CB1622062B30CE4800D2E6EF /* NoteDetailsView.swift */; };
		CB1622092B31F0BB00D2E6EF /* EmptyListScreen.swift in Sources */ = {isa = PBXBuildFile; fileRef = CB1622082B31F0BB00D2E6EF /* EmptyListScreen.swift */; };
		CB1622102B32031100D2E6EF /* ListOfNotesViewModel.swift in Sources */ = {isa = PBXBuildFile; fileRef = CB16220F2B32031100D2E6EF /* ListOfNotesViewModel.swift */; };
		CB1622122B32035000D2E6EF /* NotesDetailsViewModel.swift in Sources */ = {isa = PBXBuildFile; fileRef = CB1622112B32035000D2E6EF /* NotesDetailsViewModel.swift */; };
		CB1622142B3203AC00D2E6EF /* NotesModel.swift in Sources */ = {isa = PBXBuildFile; fileRef = CB1622132B3203AC00D2E6EF /* NotesModel.swift */; };
		CB1622162B32048B00D2E6EF /* Endpoint.swift in Sources */ = {isa = PBXBuildFile; fileRef = CB1622152B32048B00D2E6EF /* Endpoint.swift */; };
		CB1622182B3204C000D2E6EF /* NetworkCall.swift in Sources */ = {isa = PBXBuildFile; fileRef = CB1622172B3204C000D2E6EF /* NetworkCall.swift */; };
/* End PBXBuildFile section */

/* Begin PBXContainerItemProxy section */
		CB1621E42B30B83400D2E6EF /* PBXContainerItemProxy */ = {
			isa = PBXContainerItemProxy;
			containerPortal = CB1621CB2B30B83300D2E6EF /* Project object */;
			proxyType = 1;
			remoteGlobalIDString = CB1621D22B30B83300D2E6EF;
			remoteInfo = "Note-Taking";
		};
		CB1621EE2B30B83400D2E6EF /* PBXContainerItemProxy */ = {
			isa = PBXContainerItemProxy;
			containerPortal = CB1621CB2B30B83300D2E6EF /* Project object */;
			proxyType = 1;
			remoteGlobalIDString = CB1621D22B30B83300D2E6EF;
			remoteInfo = "Note-Taking";
		};
/* End PBXContainerItemProxy section */

/* Begin PBXFileReference section */
		1C2A70F4D29C2E5D4BBD2E0C /* Pods-Note-Taking-Note-TakingUITests.release.xcconfig */ = {isa = PBXFileReference; includeInIndex = 1; lastKnownFileType = text.xcconfig; name = "Pods-Note-Taking-Note-TakingUITests.release.xcconfig"; path = "Target Support Files/Pods-Note-Taking-Note-TakingUITests/Pods-Note-Taking-Note-TakingUITests.release.xcconfig"; sourceTree = "<group>"; };
		2F89971A18DDDBBB9CA34E54 /* Pods-Note-TakingTests.debug.xcconfig */ = {isa = PBXFileReference; includeInIndex = 1; lastKnownFileType = text.xcconfig; name = "Pods-Note-TakingTests.debug.xcconfig"; path = "Target Support Files/Pods-Note-TakingTests/Pods-Note-TakingTests.debug.xcconfig"; sourceTree = "<group>"; };
		5AF9F21B426B1FAF91D713CC /* Pods_Note_Taking.framework */ = {isa = PBXFileReference; explicitFileType = wrapper.framework; includeInIndex = 0; path = Pods_Note_Taking.framework; sourceTree = BUILT_PRODUCTS_DIR; };
		6714D2ECD7F75EDC7BE6F0FC /* Pods-Note-Taking-Note-TakingUITests.debug.xcconfig */ = {isa = PBXFileReference; includeInIndex = 1; lastKnownFileType = text.xcconfig; name = "Pods-Note-Taking-Note-TakingUITests.debug.xcconfig"; path = "Target Support Files/Pods-Note-Taking-Note-TakingUITests/Pods-Note-Taking-Note-TakingUITests.debug.xcconfig"; sourceTree = "<group>"; };
		7BC34750C891A1FDA8544E6F /* Pods_Note_Taking_Note_TakingUITests.framework */ = {isa = PBXFileReference; explicitFileType = wrapper.framework; includeInIndex = 0; path = Pods_Note_Taking_Note_TakingUITests.framework; sourceTree = BUILT_PRODUCTS_DIR; };
		AE13225E59F3285590ADE6DD /* Pods-Note-TakingTests.release.xcconfig */ = {isa = PBXFileReference; includeInIndex = 1; lastKnownFileType = text.xcconfig; name = "Pods-Note-TakingTests.release.xcconfig"; path = "Target Support Files/Pods-Note-TakingTests/Pods-Note-TakingTests.release.xcconfig"; sourceTree = "<group>"; };
		C68D3F6F6A942AC4A23587C4 /* Pods-Note-Taking.release.xcconfig */ = {isa = PBXFileReference; includeInIndex = 1; lastKnownFileType = text.xcconfig; name = "Pods-Note-Taking.release.xcconfig"; path = "Target Support Files/Pods-Note-Taking/Pods-Note-Taking.release.xcconfig"; sourceTree = "<group>"; };
		CB1621D32B30B83300D2E6EF /* Note-Taking.app */ = {isa = PBXFileReference; explicitFileType = wrapper.application; includeInIndex = 0; path = "Note-Taking.app"; sourceTree = BUILT_PRODUCTS_DIR; };
		CB1621D62B30B83300D2E6EF /* Note_TakingApp.swift */ = {isa = PBXFileReference; lastKnownFileType = sourcecode.swift; path = Note_TakingApp.swift; sourceTree = "<group>"; };
		CB1621DA2B30B83400D2E6EF /* Assets.xcassets */ = {isa = PBXFileReference; lastKnownFileType = folder.assetcatalog; path = Assets.xcassets; sourceTree = "<group>"; };
		CB1621DD2B30B83400D2E6EF /* Preview Assets.xcassets */ = {isa = PBXFileReference; lastKnownFileType = folder.assetcatalog; path = "Preview Assets.xcassets"; sourceTree = "<group>"; };
		CB1621E32B30B83400D2E6EF /* Note-TakingTests.xctest */ = {isa = PBXFileReference; explicitFileType = wrapper.cfbundle; includeInIndex = 0; path = "Note-TakingTests.xctest"; sourceTree = BUILT_PRODUCTS_DIR; };
		CB1621E72B30B83400D2E6EF /* Note_TakingTests.swift */ = {isa = PBXFileReference; lastKnownFileType = sourcecode.swift; path = Note_TakingTests.swift; sourceTree = "<group>"; };
		CB1621ED2B30B83400D2E6EF /* Note-TakingUITests.xctest */ = {isa = PBXFileReference; explicitFileType = wrapper.cfbundle; includeInIndex = 0; path = "Note-TakingUITests.xctest"; sourceTree = BUILT_PRODUCTS_DIR; };
		CB1621F12B30B83400D2E6EF /* Note_TakingUITests.swift */ = {isa = PBXFileReference; lastKnownFileType = sourcecode.swift; path = Note_TakingUITests.swift; sourceTree = "<group>"; };
		CB1621F32B30B83400D2E6EF /* Note_TakingUITestsLaunchTests.swift */ = {isa = PBXFileReference; lastKnownFileType = sourcecode.swift; path = Note_TakingUITestsLaunchTests.swift; sourceTree = "<group>"; };
		CB1622032B30C03900D2E6EF /* ListOfNotesViews.swift */ = {isa = PBXFileReference; lastKnownFileType = sourcecode.swift; path = ListOfNotesViews.swift; sourceTree = "<group>"; };
		CB1622062B30CE4800D2E6EF /* NoteDetailsView.swift */ = {isa = PBXFileReference; lastKnownFileType = sourcecode.swift; path = NoteDetailsView.swift; sourceTree = "<group>"; };
		CB1622082B31F0BB00D2E6EF /* EmptyListScreen.swift */ = {isa = PBXFileReference; fileEncoding = 4; lastKnownFileType = sourcecode.swift; path = EmptyListScreen.swift; sourceTree = "<group>"; };
		CB16220F2B32031100D2E6EF /* ListOfNotesViewModel.swift */ = {isa = PBXFileReference; lastKnownFileType = sourcecode.swift; path = ListOfNotesViewModel.swift; sourceTree = "<group>"; };
		CB1622112B32035000D2E6EF /* NotesDetailsViewModel.swift */ = {isa = PBXFileReference; lastKnownFileType = sourcecode.swift; path = NotesDetailsViewModel.swift; sourceTree = "<group>"; };
		CB1622132B3203AC00D2E6EF /* NotesModel.swift */ = {isa = PBXFileReference; lastKnownFileType = sourcecode.swift; path = NotesModel.swift; sourceTree = "<group>"; };
		CB1622152B32048B00D2E6EF /* Endpoint.swift */ = {isa = PBXFileReference; fileEncoding = 4; lastKnownFileType = sourcecode.swift; path = Endpoint.swift; sourceTree = "<group>"; };
		CB1622172B3204C000D2E6EF /* NetworkCall.swift */ = {isa = PBXFileReference; fileEncoding = 4; lastKnownFileType = sourcecode.swift; path = NetworkCall.swift; sourceTree = "<group>"; };
		DD8C4E78757A79FED1C65065 /* Pods-Note-Taking.debug.xcconfig */ = {isa = PBXFileReference; includeInIndex = 1; lastKnownFileType = text.xcconfig; name = "Pods-Note-Taking.debug.xcconfig"; path = "Target Support Files/Pods-Note-Taking/Pods-Note-Taking.debug.xcconfig"; sourceTree = "<group>"; };
		E883D8C33AD91F129B36DAA2 /* Pods_Note_TakingTests.framework */ = {isa = PBXFileReference; explicitFileType = wrapper.framework; includeInIndex = 0; path = Pods_Note_TakingTests.framework; sourceTree = BUILT_PRODUCTS_DIR; };
/* End PBXFileReference section */

/* Begin PBXFrameworksBuildPhase section */
		CB1621D02B30B83300D2E6EF /* Frameworks */ = {
			isa = PBXFrameworksBuildPhase;
			buildActionMask = 2147483647;
			files = (
				35BA8FA313C13C059E0004E3 /* Pods_Note_Taking.framework in Frameworks */,
			);
			runOnlyForDeploymentPostprocessing = 0;
		};
		CB1621E02B30B83400D2E6EF /* Frameworks */ = {
			isa = PBXFrameworksBuildPhase;
			buildActionMask = 2147483647;
			files = (
				B285AC07B45A49BE0CDACE7A /* Pods_Note_TakingTests.framework in Frameworks */,
			);
			runOnlyForDeploymentPostprocessing = 0;
		};
		CB1621EA2B30B83400D2E6EF /* Frameworks */ = {
			isa = PBXFrameworksBuildPhase;
			buildActionMask = 2147483647;
			files = (
				688DB8A0D3A21926D32EF2F3 /* Pods_Note_Taking_Note_TakingUITests.framework in Frameworks */,
			);
			runOnlyForDeploymentPostprocessing = 0;
		};
/* End PBXFrameworksBuildPhase section */

/* Begin PBXGroup section */
		7471A9880DDC158216EC10E6 /* Pods */ = {
			isa = PBXGroup;
			children = (
				DD8C4E78757A79FED1C65065 /* Pods-Note-Taking.debug.xcconfig */,
				C68D3F6F6A942AC4A23587C4 /* Pods-Note-Taking.release.xcconfig */,
				6714D2ECD7F75EDC7BE6F0FC /* Pods-Note-Taking-Note-TakingUITests.debug.xcconfig */,
				1C2A70F4D29C2E5D4BBD2E0C /* Pods-Note-Taking-Note-TakingUITests.release.xcconfig */,
				2F89971A18DDDBBB9CA34E54 /* Pods-Note-TakingTests.debug.xcconfig */,
				AE13225E59F3285590ADE6DD /* Pods-Note-TakingTests.release.xcconfig */,
			);
			path = Pods;
			sourceTree = "<group>";
		};
		CB1621CA2B30B83300D2E6EF = {
			isa = PBXGroup;
			children = (
				CB1621D52B30B83300D2E6EF /* Note-Taking */,
				CB1621E62B30B83400D2E6EF /* Note-TakingTests */,
				CB1621F02B30B83400D2E6EF /* Note-TakingUITests */,
				CB1621D42B30B83300D2E6EF /* Products */,
				7471A9880DDC158216EC10E6 /* Pods */,
				DA895187BA91F9382E1BC5D7 /* Frameworks */,
			);
			sourceTree = "<group>";
		};
		CB1621D42B30B83300D2E6EF /* Products */ = {
			isa = PBXGroup;
			children = (
				CB1621D32B30B83300D2E6EF /* Note-Taking.app */,
				CB1621E32B30B83400D2E6EF /* Note-TakingTests.xctest */,
				CB1621ED2B30B83400D2E6EF /* Note-TakingUITests.xctest */,
			);
			name = Products;
			sourceTree = "<group>";
		};
		CB1621D52B30B83300D2E6EF /* Note-Taking */ = {
			isa = PBXGroup;
			children = (
				CB1622052B30C1AD00D2E6EF /* Common */,
				CB1622022B30BFEA00D2E6EF /* Views */,
				CB1622012B30BFDD00D2E6EF /* ViewModels */,
				CB1622002B30BFD100D2E6EF /* Models */,
				CB1621D62B30B83300D2E6EF /* Note_TakingApp.swift */,
				CB1621DA2B30B83400D2E6EF /* Assets.xcassets */,
				CB1621DC2B30B83400D2E6EF /* Preview Content */,
			);
			path = "Note-Taking";
			sourceTree = "<group>";
		};
		CB1621DC2B30B83400D2E6EF /* Preview Content */ = {
			isa = PBXGroup;
			children = (
				CB1621DD2B30B83400D2E6EF /* Preview Assets.xcassets */,
			);
			path = "Preview Content";
			sourceTree = "<group>";
		};
		CB1621E62B30B83400D2E6EF /* Note-TakingTests */ = {
			isa = PBXGroup;
			children = (
				CB1621E72B30B83400D2E6EF /* Note_TakingTests.swift */,
			);
			path = "Note-TakingTests";
			sourceTree = "<group>";
		};
		CB1621F02B30B83400D2E6EF /* Note-TakingUITests */ = {
			isa = PBXGroup;
			children = (
				CB1621F12B30B83400D2E6EF /* Note_TakingUITests.swift */,
				CB1621F32B30B83400D2E6EF /* Note_TakingUITestsLaunchTests.swift */,
			);
			path = "Note-TakingUITests";
			sourceTree = "<group>";
		};
		CB1622002B30BFD100D2E6EF /* Models */ = {
			isa = PBXGroup;
			children = (
				CB1622132B3203AC00D2E6EF /* NotesModel.swift */,
			);
			path = Models;
			sourceTree = "<group>";
		};
		CB1622012B30BFDD00D2E6EF /* ViewModels */ = {
			isa = PBXGroup;
			children = (
				CB16220F2B32031100D2E6EF /* ListOfNotesViewModel.swift */,
				CB1622112B32035000D2E6EF /* NotesDetailsViewModel.swift */,
			);
			path = ViewModels;
			sourceTree = "<group>";
		};
		CB1622022B30BFEA00D2E6EF /* Views */ = {
			isa = PBXGroup;
			children = (
				CB16220E2B32027900D2E6EF /* NoteDetailsScreen */,
				CB16220D2B32025200D2E6EF /* ListOfNotesScreen */,
				CB16220A2B31F56000D2E6EF /* EmptyListScreen */,
			);
			path = Views;
			sourceTree = "<group>";
		};
		CB1622052B30C1AD00D2E6EF /* Common */ = {
			isa = PBXGroup;
			children = (
				CB1622172B3204C000D2E6EF /* NetworkCall.swift */,
				CB1622152B32048B00D2E6EF /* Endpoint.swift */,
			);
			path = Common;
			sourceTree = "<group>";
		};
		CB16220A2B31F56000D2E6EF /* EmptyListScreen */ = {
			isa = PBXGroup;
			children = (
				CB1622082B31F0BB00D2E6EF /* EmptyListScreen.swift */,
			);
			path = EmptyListScreen;
			sourceTree = "<group>";
		};
		CB16220D2B32025200D2E6EF /* ListOfNotesScreen */ = {
			isa = PBXGroup;
			children = (
				CB1622032B30C03900D2E6EF /* ListOfNotesViews.swift */,
			);
			path = ListOfNotesScreen;
			sourceTree = "<group>";
		};
		CB16220E2B32027900D2E6EF /* NoteDetailsScreen */ = {
			isa = PBXGroup;
			children = (
				CB1622062B30CE4800D2E6EF /* NoteDetailsView.swift */,
			);
			path = NoteDetailsScreen;
			sourceTree = "<group>";
		};
		DA895187BA91F9382E1BC5D7 /* Frameworks */ = {
			isa = PBXGroup;
			children = (
				5AF9F21B426B1FAF91D713CC /* Pods_Note_Taking.framework */,
				7BC34750C891A1FDA8544E6F /* Pods_Note_Taking_Note_TakingUITests.framework */,
				E883D8C33AD91F129B36DAA2 /* Pods_Note_TakingTests.framework */,
			);
			name = Frameworks;
			sourceTree = "<group>";
		};
/* End PBXGroup section */

/* Begin PBXNativeTarget section */
		CB1621D22B30B83300D2E6EF /* Note-Taking */ = {
			isa = PBXNativeTarget;
			buildConfigurationList = CB1621F72B30B83400D2E6EF /* Build configuration list for PBXNativeTarget "Note-Taking" */;
			buildPhases = (
				224BDB3A55C74AE74BF5D791 /* [CP] Check Pods Manifest.lock */,
				CB1621CF2B30B83300D2E6EF /* Sources */,
				CB1621D02B30B83300D2E6EF /* Frameworks */,
				CB1621D12B30B83300D2E6EF /* Resources */,
				0F34E3F99028001616BE76BA /* [CP] Embed Pods Frameworks */,
			);
			buildRules = (
			);
			dependencies = (
			);
			name = "Note-Taking";
			productName = "Note-Taking";
			productReference = CB1621D32B30B83300D2E6EF /* Note-Taking.app */;
			productType = "com.apple.product-type.application";
		};
		CB1621E22B30B83400D2E6EF /* Note-TakingTests */ = {
			isa = PBXNativeTarget;
			buildConfigurationList = CB1621FA2B30B83400D2E6EF /* Build configuration list for PBXNativeTarget "Note-TakingTests" */;
			buildPhases = (
				2BF4105656FB65F9AE9E6421 /* [CP] Check Pods Manifest.lock */,
				CB1621DF2B30B83400D2E6EF /* Sources */,
				CB1621E02B30B83400D2E6EF /* Frameworks */,
				CB1621E12B30B83400D2E6EF /* Resources */,
			);
			buildRules = (
			);
			dependencies = (
				CB1621E52B30B83400D2E6EF /* PBXTargetDependency */,
			);
			name = "Note-TakingTests";
			productName = "Note-TakingTests";
			productReference = CB1621E32B30B83400D2E6EF /* Note-TakingTests.xctest */;
			productType = "com.apple.product-type.bundle.unit-test";
		};
		CB1621EC2B30B83400D2E6EF /* Note-TakingUITests */ = {
			isa = PBXNativeTarget;
			buildConfigurationList = CB1621FD2B30B83400D2E6EF /* Build configuration list for PBXNativeTarget "Note-TakingUITests" */;
			buildPhases = (
				3FED3B095DF45040D2F1C6BC /* [CP] Check Pods Manifest.lock */,
				CB1621E92B30B83400D2E6EF /* Sources */,
				CB1621EA2B30B83400D2E6EF /* Frameworks */,
				CB1621EB2B30B83400D2E6EF /* Resources */,
				54579E79C18AD52E751405F9 /* [CP] Embed Pods Frameworks */,
			);
			buildRules = (
			);
			dependencies = (
				CB1621EF2B30B83400D2E6EF /* PBXTargetDependency */,
			);
			name = "Note-TakingUITests";
			productName = "Note-TakingUITests";
			productReference = CB1621ED2B30B83400D2E6EF /* Note-TakingUITests.xctest */;
			productType = "com.apple.product-type.bundle.ui-testing";
		};
/* End PBXNativeTarget section */

/* Begin PBXProject section */
		CB1621CB2B30B83300D2E6EF /* Project object */ = {
			isa = PBXProject;
			attributes = {
				BuildIndependentTargetsInParallel = 1;
				LastSwiftUpdateCheck = 1500;
				LastUpgradeCheck = 1500;
				TargetAttributes = {
					CB1621D22B30B83300D2E6EF = {
						CreatedOnToolsVersion = 15.0.1;
					};
					CB1621E22B30B83400D2E6EF = {
						CreatedOnToolsVersion = 15.0.1;
						TestTargetID = CB1621D22B30B83300D2E6EF;
					};
					CB1621EC2B30B83400D2E6EF = {
						CreatedOnToolsVersion = 15.0.1;
						TestTargetID = CB1621D22B30B83300D2E6EF;
					};
				};
			};
			buildConfigurationList = CB1621CE2B30B83300D2E6EF /* Build configuration list for PBXProject "Note-Taking" */;
			compatibilityVersion = "Xcode 14.0";
			developmentRegion = en;
			hasScannedForEncodings = 0;
			knownRegions = (
				en,
				Base,
			);
			mainGroup = CB1621CA2B30B83300D2E6EF;
			productRefGroup = CB1621D42B30B83300D2E6EF /* Products */;
			projectDirPath = "";
			projectRoot = "";
			targets = (
				CB1621D22B30B83300D2E6EF /* Note-Taking */,
				CB1621E22B30B83400D2E6EF /* Note-TakingTests */,
				CB1621EC2B30B83400D2E6EF /* Note-TakingUITests */,
			);
		};
/* End PBXProject section */

/* Begin PBXResourcesBuildPhase section */
		CB1621D12B30B83300D2E6EF /* Resources */ = {
			isa = PBXResourcesBuildPhase;
			buildActionMask = 2147483647;
			files = (
				CB1621DE2B30B83400D2E6EF /* Preview Assets.xcassets in Resources */,
				CB1621DB2B30B83400D2E6EF /* Assets.xcassets in Resources */,
			);
			runOnlyForDeploymentPostprocessing = 0;
		};
		CB1621E12B30B83400D2E6EF /* Resources */ = {
			isa = PBXResourcesBuildPhase;
			buildActionMask = 2147483647;
			files = (
			);
			runOnlyForDeploymentPostprocessing = 0;
		};
		CB1621EB2B30B83400D2E6EF /* Resources */ = {
			isa = PBXResourcesBuildPhase;
			buildActionMask = 2147483647;
			files = (
			);
			runOnlyForDeploymentPostprocessing = 0;
		};
/* End PBXResourcesBuildPhase section */

/* Begin PBXShellScriptBuildPhase section */
		0F34E3F99028001616BE76BA /* [CP] Embed Pods Frameworks */ = {
			isa = PBXShellScriptBuildPhase;
			buildActionMask = 2147483647;
			files = (
			);
			inputFileListPaths = (
				"${PODS_ROOT}/Target Support Files/Pods-Note-Taking/Pods-Note-Taking-frameworks-${CONFIGURATION}-input-files.xcfilelist",
			);
			name = "[CP] Embed Pods Frameworks";
			outputFileListPaths = (
				"${PODS_ROOT}/Target Support Files/Pods-Note-Taking/Pods-Note-Taking-frameworks-${CONFIGURATION}-output-files.xcfilelist",
			);
			runOnlyForDeploymentPostprocessing = 0;
			shellPath = /bin/sh;
			shellScript = "\"${PODS_ROOT}/Target Support Files/Pods-Note-Taking/Pods-Note-Taking-frameworks.sh\"\n";
			showEnvVarsInLog = 0;
		};
		224BDB3A55C74AE74BF5D791 /* [CP] Check Pods Manifest.lock */ = {
			isa = PBXShellScriptBuildPhase;
			buildActionMask = 2147483647;
			files = (
			);
			inputFileListPaths = (
			);
			inputPaths = (
				"${PODS_PODFILE_DIR_PATH}/Podfile.lock",
				"${PODS_ROOT}/Manifest.lock",
			);
			name = "[CP] Check Pods Manifest.lock";
			outputFileListPaths = (
			);
			outputPaths = (
				"$(DERIVED_FILE_DIR)/Pods-Note-Taking-checkManifestLockResult.txt",
			);
			runOnlyForDeploymentPostprocessing = 0;
			shellPath = /bin/sh;
			shellScript = "diff \"${PODS_PODFILE_DIR_PATH}/Podfile.lock\" \"${PODS_ROOT}/Manifest.lock\" > /dev/null\nif [ $? != 0 ] ; then\n    # print error to STDERR\n    echo \"error: The sandbox is not in sync with the Podfile.lock. Run 'pod install' or update your CocoaPods installation.\" >&2\n    exit 1\nfi\n# This output is used by Xcode 'outputs' to avoid re-running this script phase.\necho \"SUCCESS\" > \"${SCRIPT_OUTPUT_FILE_0}\"\n";
			showEnvVarsInLog = 0;
		};
		2BF4105656FB65F9AE9E6421 /* [CP] Check Pods Manifest.lock */ = {
			isa = PBXShellScriptBuildPhase;
			buildActionMask = 2147483647;
			files = (
			);
			inputFileListPaths = (
			);
			inputPaths = (
				"${PODS_PODFILE_DIR_PATH}/Podfile.lock",
				"${PODS_ROOT}/Manifest.lock",
			);
			name = "[CP] Check Pods Manifest.lock";
			outputFileListPaths = (
			);
			outputPaths = (
				"$(DERIVED_FILE_DIR)/Pods-Note-TakingTests-checkManifestLockResult.txt",
			);
			runOnlyForDeploymentPostprocessing = 0;
			shellPath = /bin/sh;
			shellScript = "diff \"${PODS_PODFILE_DIR_PATH}/Podfile.lock\" \"${PODS_ROOT}/Manifest.lock\" > /dev/null\nif [ $? != 0 ] ; then\n    # print error to STDERR\n    echo \"error: The sandbox is not in sync with the Podfile.lock. Run 'pod install' or update your CocoaPods installation.\" >&2\n    exit 1\nfi\n# This output is used by Xcode 'outputs' to avoid re-running this script phase.\necho \"SUCCESS\" > \"${SCRIPT_OUTPUT_FILE_0}\"\n";
			showEnvVarsInLog = 0;
		};
		3FED3B095DF45040D2F1C6BC /* [CP] Check Pods Manifest.lock */ = {
			isa = PBXShellScriptBuildPhase;
			buildActionMask = 2147483647;
			files = (
			);
			inputFileListPaths = (
			);
			inputPaths = (
				"${PODS_PODFILE_DIR_PATH}/Podfile.lock",
				"${PODS_ROOT}/Manifest.lock",
			);
			name = "[CP] Check Pods Manifest.lock";
			outputFileListPaths = (
			);
			outputPaths = (
				"$(DERIVED_FILE_DIR)/Pods-Note-Taking-Note-TakingUITests-checkManifestLockResult.txt",
			);
			runOnlyForDeploymentPostprocessing = 0;
			shellPath = /bin/sh;
			shellScript = "diff \"${PODS_PODFILE_DIR_PATH}/Podfile.lock\" \"${PODS_ROOT}/Manifest.lock\" > /dev/null\nif [ $? != 0 ] ; then\n    # print error to STDERR\n    echo \"error: The sandbox is not in sync with the Podfile.lock. Run 'pod install' or update your CocoaPods installation.\" >&2\n    exit 1\nfi\n# This output is used by Xcode 'outputs' to avoid re-running this script phase.\necho \"SUCCESS\" > \"${SCRIPT_OUTPUT_FILE_0}\"\n";
			showEnvVarsInLog = 0;
		};
		54579E79C18AD52E751405F9 /* [CP] Embed Pods Frameworks */ = {
			isa = PBXShellScriptBuildPhase;
			buildActionMask = 2147483647;
			files = (
			);
			inputFileListPaths = (
				"${PODS_ROOT}/Target Support Files/Pods-Note-Taking-Note-TakingUITests/Pods-Note-Taking-Note-TakingUITests-frameworks-${CONFIGURATION}-input-files.xcfilelist",
			);
			name = "[CP] Embed Pods Frameworks";
			outputFileListPaths = (
				"${PODS_ROOT}/Target Support Files/Pods-Note-Taking-Note-TakingUITests/Pods-Note-Taking-Note-TakingUITests-frameworks-${CONFIGURATION}-output-files.xcfilelist",
			);
			runOnlyForDeploymentPostprocessing = 0;
			shellPath = /bin/sh;
			shellScript = "\"${PODS_ROOT}/Target Support Files/Pods-Note-Taking-Note-TakingUITests/Pods-Note-Taking-Note-TakingUITests-frameworks.sh\"\n";
			showEnvVarsInLog = 0;
		};
/* End PBXShellScriptBuildPhase section */

/* Begin PBXSourcesBuildPhase section */
		CB1621CF2B30B83300D2E6EF /* Sources */ = {
			isa = PBXSourcesBuildPhase;
			buildActionMask = 2147483647;
			files = (
				CB1622142B3203AC00D2E6EF /* NotesModel.swift in Sources */,
				CB1622182B3204C000D2E6EF /* NetworkCall.swift in Sources */,
				CB1622042B30C03900D2E6EF /* ListOfNotesViews.swift in Sources */,
				CB1622162B32048B00D2E6EF /* Endpoint.swift in Sources */,
				CB1621D72B30B83300D2E6EF /* Note_TakingApp.swift in Sources */,
				CB1622072B30CE4800D2E6EF /* NoteDetailsView.swift in Sources */,
				CB1622092B31F0BB00D2E6EF /* EmptyListScreen.swift in Sources */,
				CB1622102B32031100D2E6EF /* ListOfNotesViewModel.swift in Sources */,
				CB1622122B32035000D2E6EF /* NotesDetailsViewModel.swift in Sources */,
			);
			runOnlyForDeploymentPostprocessing = 0;
		};
		CB1621DF2B30B83400D2E6EF /* Sources */ = {
			isa = PBXSourcesBuildPhase;
			buildActionMask = 2147483647;
			files = (
				CB1621E82B30B83400D2E6EF /* Note_TakingTests.swift in Sources */,
			);
			runOnlyForDeploymentPostprocessing = 0;
		};
		CB1621E92B30B83400D2E6EF /* Sources */ = {
			isa = PBXSourcesBuildPhase;
			buildActionMask = 2147483647;
			files = (
				CB1621F42B30B83400D2E6EF /* Note_TakingUITestsLaunchTests.swift in Sources */,
				CB1621F22B30B83400D2E6EF /* Note_TakingUITests.swift in Sources */,
			);
			runOnlyForDeploymentPostprocessing = 0;
		};
/* End PBXSourcesBuildPhase section */

/* Begin PBXTargetDependency section */
		CB1621E52B30B83400D2E6EF /* PBXTargetDependency */ = {
			isa = PBXTargetDependency;
			target = CB1621D22B30B83300D2E6EF /* Note-Taking */;
			targetProxy = CB1621E42B30B83400D2E6EF /* PBXContainerItemProxy */;
		};
		CB1621EF2B30B83400D2E6EF /* PBXTargetDependency */ = {
			isa = PBXTargetDependency;
			target = CB1621D22B30B83300D2E6EF /* Note-Taking */;
			targetProxy = CB1621EE2B30B83400D2E6EF /* PBXContainerItemProxy */;
		};
/* End PBXTargetDependency section */

/* Begin XCBuildConfiguration section */
		CB1621F52B30B83400D2E6EF /* Debug */ = {
			isa = XCBuildConfiguration;
			buildSettings = {
				ALWAYS_SEARCH_USER_PATHS = NO;
				ASSETCATALOG_COMPILER_GENERATE_SWIFT_ASSET_SYMBOL_EXTENSIONS = YES;
				CLANG_ANALYZER_NONNULL = YES;
				CLANG_ANALYZER_NUMBER_OBJECT_CONVERSION = YES_AGGRESSIVE;
				CLANG_CXX_LANGUAGE_STANDARD = "gnu++20";
				CLANG_ENABLE_MODULES = YES;
				CLANG_ENABLE_OBJC_ARC = YES;
				CLANG_ENABLE_OBJC_WEAK = YES;
				CLANG_WARN_BLOCK_CAPTURE_AUTORELEASING = YES;
				CLANG_WARN_BOOL_CONVERSION = YES;
				CLANG_WARN_COMMA = YES;
				CLANG_WARN_CONSTANT_CONVERSION = YES;
				CLANG_WARN_DEPRECATED_OBJC_IMPLEMENTATIONS = YES;
				CLANG_WARN_DIRECT_OBJC_ISA_USAGE = YES_ERROR;
				CLANG_WARN_DOCUMENTATION_COMMENTS = YES;
				CLANG_WARN_EMPTY_BODY = YES;
				CLANG_WARN_ENUM_CONVERSION = YES;
				CLANG_WARN_INFINITE_RECURSION = YES;
				CLANG_WARN_INT_CONVERSION = YES;
				CLANG_WARN_NON_LITERAL_NULL_CONVERSION = YES;
				CLANG_WARN_OBJC_IMPLICIT_RETAIN_SELF = YES;
				CLANG_WARN_OBJC_LITERAL_CONVERSION = YES;
				CLANG_WARN_OBJC_ROOT_CLASS = YES_ERROR;
				CLANG_WARN_QUOTED_INCLUDE_IN_FRAMEWORK_HEADER = YES;
				CLANG_WARN_RANGE_LOOP_ANALYSIS = YES;
				CLANG_WARN_STRICT_PROTOTYPES = YES;
				CLANG_WARN_SUSPICIOUS_MOVE = YES;
				CLANG_WARN_UNGUARDED_AVAILABILITY = YES_AGGRESSIVE;
				CLANG_WARN_UNREACHABLE_CODE = YES;
				CLANG_WARN__DUPLICATE_METHOD_MATCH = YES;
				COPY_PHASE_STRIP = NO;
				DEBUG_INFORMATION_FORMAT = dwarf;
				ENABLE_STRICT_OBJC_MSGSEND = YES;
				ENABLE_TESTABILITY = YES;
				ENABLE_USER_SCRIPT_SANDBOXING = NO;
				GCC_C_LANGUAGE_STANDARD = gnu17;
				GCC_DYNAMIC_NO_PIC = NO;
				GCC_NO_COMMON_BLOCKS = YES;
				GCC_OPTIMIZATION_LEVEL = 0;
				GCC_PREPROCESSOR_DEFINITIONS = (
					"DEBUG=1",
					"$(inherited)",
				);
				GCC_WARN_64_TO_32_BIT_CONVERSION = YES;
				GCC_WARN_ABOUT_RETURN_TYPE = YES_ERROR;
				GCC_WARN_UNDECLARED_SELECTOR = YES;
				GCC_WARN_UNINITIALIZED_AUTOS = YES_AGGRESSIVE;
				GCC_WARN_UNUSED_FUNCTION = YES;
				GCC_WARN_UNUSED_VARIABLE = YES;
				IPHONEOS_DEPLOYMENT_TARGET = 17.0;
				LOCALIZATION_PREFERS_STRING_CATALOGS = YES;
				MTL_ENABLE_DEBUG_INFO = INCLUDE_SOURCE;
				MTL_FAST_MATH = YES;
				ONLY_ACTIVE_ARCH = YES;
				SDKROOT = iphoneos;
				SWIFT_ACTIVE_COMPILATION_CONDITIONS = "DEBUG $(inherited)";
				SWIFT_OPTIMIZATION_LEVEL = "-Onone";
			};
			name = Debug;
		};
		CB1621F62B30B83400D2E6EF /* Release */ = {
			isa = XCBuildConfiguration;
			buildSettings = {
				ALWAYS_SEARCH_USER_PATHS = NO;
				ASSETCATALOG_COMPILER_GENERATE_SWIFT_ASSET_SYMBOL_EXTENSIONS = YES;
				CLANG_ANALYZER_NONNULL = YES;
				CLANG_ANALYZER_NUMBER_OBJECT_CONVERSION = YES_AGGRESSIVE;
				CLANG_CXX_LANGUAGE_STANDARD = "gnu++20";
				CLANG_ENABLE_MODULES = YES;
				CLANG_ENABLE_OBJC_ARC = YES;
				CLANG_ENABLE_OBJC_WEAK = YES;
				CLANG_WARN_BLOCK_CAPTURE_AUTORELEASING = YES;
				CLANG_WARN_BOOL_CONVERSION = YES;
				CLANG_WARN_COMMA = YES;
				CLANG_WARN_CONSTANT_CONVERSION = YES;
				CLANG_WARN_DEPRECATED_OBJC_IMPLEMENTATIONS = YES;
				CLANG_WARN_DIRECT_OBJC_ISA_USAGE = YES_ERROR;
				CLANG_WARN_DOCUMENTATION_COMMENTS = YES;
				CLANG_WARN_EMPTY_BODY = YES;
				CLANG_WARN_ENUM_CONVERSION = YES;
				CLANG_WARN_INFINITE_RECURSION = YES;
				CLANG_WARN_INT_CONVERSION = YES;
				CLANG_WARN_NON_LITERAL_NULL_CONVERSION = YES;
				CLANG_WARN_OBJC_IMPLICIT_RETAIN_SELF = YES;
				CLANG_WARN_OBJC_LITERAL_CONVERSION = YES;
				CLANG_WARN_OBJC_ROOT_CLASS = YES_ERROR;
				CLANG_WARN_QUOTED_INCLUDE_IN_FRAMEWORK_HEADER = YES;
				CLANG_WARN_RANGE_LOOP_ANALYSIS = YES;
				CLANG_WARN_STRICT_PROTOTYPES = YES;
				CLANG_WARN_SUSPICIOUS_MOVE = YES;
				CLANG_WARN_UNGUARDED_AVAILABILITY = YES_AGGRESSIVE;
				CLANG_WARN_UNREACHABLE_CODE = YES;
				CLANG_WARN__DUPLICATE_METHOD_MATCH = YES;
				COPY_PHASE_STRIP = NO;
				DEBUG_INFORMATION_FORMAT = "dwarf-with-dsym";
				ENABLE_NS_ASSERTIONS = NO;
				ENABLE_STRICT_OBJC_MSGSEND = YES;
				ENABLE_USER_SCRIPT_SANDBOXING = NO;
				GCC_C_LANGUAGE_STANDARD = gnu17;
				GCC_NO_COMMON_BLOCKS = YES;
				GCC_WARN_64_TO_32_BIT_CONVERSION = YES;
				GCC_WARN_ABOUT_RETURN_TYPE = YES_ERROR;
				GCC_WARN_UNDECLARED_SELECTOR = YES;
				GCC_WARN_UNINITIALIZED_AUTOS = YES_AGGRESSIVE;
				GCC_WARN_UNUSED_FUNCTION = YES;
				GCC_WARN_UNUSED_VARIABLE = YES;
				IPHONEOS_DEPLOYMENT_TARGET = 17.0;
				LOCALIZATION_PREFERS_STRING_CATALOGS = YES;
				MTL_ENABLE_DEBUG_INFO = NO;
				MTL_FAST_MATH = YES;
				SDKROOT = iphoneos;
				SWIFT_COMPILATION_MODE = wholemodule;
				VALIDATE_PRODUCT = YES;
			};
			name = Release;
		};
		CB1621F82B30B83400D2E6EF /* Debug */ = {
			isa = XCBuildConfiguration;
			baseConfigurationReference = DD8C4E78757A79FED1C65065 /* Pods-Note-Taking.debug.xcconfig */;
			buildSettings = {
				ASSETCATALOG_COMPILER_APPICON_NAME = AppIcon;
				ASSETCATALOG_COMPILER_GLOBAL_ACCENT_COLOR_NAME = AccentColor;
				CODE_SIGN_STYLE = Automatic;
				CURRENT_PROJECT_VERSION = 1;
				DEVELOPMENT_ASSET_PATHS = "\"Note-Taking/Preview Content\"";
				DEVELOPMENT_TEAM = 54GH4MF3D4;
				ENABLE_PREVIEWS = YES;
				GENERATE_INFOPLIST_FILE = YES;
				INFOPLIST_KEY_UIApplicationSceneManifest_Generation = YES;
				INFOPLIST_KEY_UIApplicationSupportsIndirectInputEvents = YES;
				INFOPLIST_KEY_UILaunchScreen_Generation = YES;
				INFOPLIST_KEY_UISupportedInterfaceOrientations_iPad = "UIInterfaceOrientationPortrait UIInterfaceOrientationPortraitUpsideDown UIInterfaceOrientationLandscapeLeft UIInterfaceOrientationLandscapeRight";
				INFOPLIST_KEY_UISupportedInterfaceOrientations_iPhone = "UIInterfaceOrientationPortrait UIInterfaceOrientationLandscapeLeft UIInterfaceOrientationLandscapeRight";
				LD_RUNPATH_SEARCH_PATHS = (
					"$(inherited)",
					"@executable_path/Frameworks",
				);
				MARKETING_VERSION = 1.0;
				PRODUCT_BUNDLE_IDENTIFIER = "com.yousuf.Note-Taking";
				PRODUCT_NAME = "$(TARGET_NAME)";
				SWIFT_EMIT_LOC_STRINGS = YES;
				SWIFT_VERSION = 5.0;
				TARGETED_DEVICE_FAMILY = "1,2";
			};
			name = Debug;
		};
		CB1621F92B30B83400D2E6EF /* Release */ = {
			isa = XCBuildConfiguration;
			baseConfigurationReference = C68D3F6F6A942AC4A23587C4 /* Pods-Note-Taking.release.xcconfig */;
			buildSettings = {
				ASSETCATALOG_COMPILER_APPICON_NAME = AppIcon;
				ASSETCATALOG_COMPILER_GLOBAL_ACCENT_COLOR_NAME = AccentColor;
				CODE_SIGN_STYLE = Automatic;
				CURRENT_PROJECT_VERSION = 1;
				DEVELOPMENT_ASSET_PATHS = "\"Note-Taking/Preview Content\"";
				DEVELOPMENT_TEAM = 54GH4MF3D4;
				ENABLE_PREVIEWS = YES;
				GENERATE_INFOPLIST_FILE = YES;
				INFOPLIST_KEY_UIApplicationSceneManifest_Generation = YES;
				INFOPLIST_KEY_UIApplicationSupportsIndirectInputEvents = YES;
				INFOPLIST_KEY_UILaunchScreen_Generation = YES;
				INFOPLIST_KEY_UISupportedInterfaceOrientations_iPad = "UIInterfaceOrientationPortrait UIInterfaceOrientationPortraitUpsideDown UIInterfaceOrientationLandscapeLeft UIInterfaceOrientationLandscapeRight";
				INFOPLIST_KEY_UISupportedInterfaceOrientations_iPhone = "UIInterfaceOrientationPortrait UIInterfaceOrientationLandscapeLeft UIInterfaceOrientationLandscapeRight";
				LD_RUNPATH_SEARCH_PATHS = (
					"$(inherited)",
					"@executable_path/Frameworks",
				);
				MARKETING_VERSION = 1.0;
				PRODUCT_BUNDLE_IDENTIFIER = "com.yousuf.Note-Taking";
				PRODUCT_NAME = "$(TARGET_NAME)";
				SWIFT_EMIT_LOC_STRINGS = YES;
				SWIFT_VERSION = 5.0;
				TARGETED_DEVICE_FAMILY = "1,2";
			};
			name = Release;
		};
		CB1621FB2B30B83400D2E6EF /* Debug */ = {
			isa = XCBuildConfiguration;
			baseConfigurationReference = 2F89971A18DDDBBB9CA34E54 /* Pods-Note-TakingTests.debug.xcconfig */;
			buildSettings = {
				ALWAYS_EMBED_SWIFT_STANDARD_LIBRARIES = YES;
				BUNDLE_LOADER = "$(TEST_HOST)";
				CODE_SIGN_STYLE = Automatic;
				CURRENT_PROJECT_VERSION = 1;
				DEVELOPMENT_TEAM = 54GH4MF3D4;
				GENERATE_INFOPLIST_FILE = YES;
				IPHONEOS_DEPLOYMENT_TARGET = 17.0;
				MARKETING_VERSION = 1.0;
				PRODUCT_BUNDLE_IDENTIFIER = "com.yousuf.Note-TakingTests";
				PRODUCT_NAME = "$(TARGET_NAME)";
				SWIFT_EMIT_LOC_STRINGS = NO;
				SWIFT_VERSION = 5.0;
				TARGETED_DEVICE_FAMILY = "1,2";
				TEST_HOST = "$(BUILT_PRODUCTS_DIR)/Note-Taking.app/$(BUNDLE_EXECUTABLE_FOLDER_PATH)/Note-Taking";
			};
			name = Debug;
		};
		CB1621FC2B30B83400D2E6EF /* Release */ = {
			isa = XCBuildConfiguration;
			baseConfigurationReference = AE13225E59F3285590ADE6DD /* Pods-Note-TakingTests.release.xcconfig */;
			buildSettings = {
				ALWAYS_EMBED_SWIFT_STANDARD_LIBRARIES = YES;
				BUNDLE_LOADER = "$(TEST_HOST)";
				CODE_SIGN_STYLE = Automatic;
				CURRENT_PROJECT_VERSION = 1;
				DEVELOPMENT_TEAM = 54GH4MF3D4;
				GENERATE_INFOPLIST_FILE = YES;
				IPHONEOS_DEPLOYMENT_TARGET = 17.0;
				MARKETING_VERSION = 1.0;
				PRODUCT_BUNDLE_IDENTIFIER = "com.yousuf.Note-TakingTests";
				PRODUCT_NAME = "$(TARGET_NAME)";
				SWIFT_EMIT_LOC_STRINGS = NO;
				SWIFT_VERSION = 5.0;
				TARGETED_DEVICE_FAMILY = "1,2";
				TEST_HOST = "$(BUILT_PRODUCTS_DIR)/Note-Taking.app/$(BUNDLE_EXECUTABLE_FOLDER_PATH)/Note-Taking";
			};
			name = Release;
		};
		CB1621FE2B30B83400D2E6EF /* Debug */ = {
			isa = XCBuildConfiguration;
			baseConfigurationReference = 6714D2ECD7F75EDC7BE6F0FC /* Pods-Note-Taking-Note-TakingUITests.debug.xcconfig */;
			buildSettings = {
				ALWAYS_EMBED_SWIFT_STANDARD_LIBRARIES = YES;
				CODE_SIGN_STYLE = Automatic;
				CURRENT_PROJECT_VERSION = 1;
				DEVELOPMENT_TEAM = 54GH4MF3D4;
				GENERATE_INFOPLIST_FILE = YES;
				MARKETING_VERSION = 1.0;
				PRODUCT_BUNDLE_IDENTIFIER = "com.yousuf.Note-TakingUITests";
				PRODUCT_NAME = "$(TARGET_NAME)";
				SWIFT_EMIT_LOC_STRINGS = NO;
				SWIFT_VERSION = 5.0;
				TARGETED_DEVICE_FAMILY = "1,2";
				TEST_TARGET_NAME = "Note-Taking";
			};
			name = Debug;
		};
		CB1621FF2B30B83400D2E6EF /* Release */ = {
			isa = XCBuildConfiguration;
			baseConfigurationReference = 1C2A70F4D29C2E5D4BBD2E0C /* Pods-Note-Taking-Note-TakingUITests.release.xcconfig */;
			buildSettings = {
				ALWAYS_EMBED_SWIFT_STANDARD_LIBRARIES = YES;
				CODE_SIGN_STYLE = Automatic;
				CURRENT_PROJECT_VERSION = 1;
				DEVELOPMENT_TEAM = 54GH4MF3D4;
				GENERATE_INFOPLIST_FILE = YES;
				MARKETING_VERSION = 1.0;
				PRODUCT_BUNDLE_IDENTIFIER = "com.yousuf.Note-TakingUITests";
				PRODUCT_NAME = "$(TARGET_NAME)";
				SWIFT_EMIT_LOC_STRINGS = NO;
				SWIFT_VERSION = 5.0;
				TARGETED_DEVICE_FAMILY = "1,2";
				TEST_TARGET_NAME = "Note-Taking";
			};
			name = Release;
		};
/* End XCBuildConfiguration section */

/* Begin XCConfigurationList section */
		CB1621CE2B30B83300D2E6EF /* Build configuration list for PBXProject "Note-Taking" */ = {
			isa = XCConfigurationList;
			buildConfigurations = (
				CB1621F52B30B83400D2E6EF /* Debug */,
				CB1621F62B30B83400D2E6EF /* Release */,
			);
			defaultConfigurationIsVisible = 0;
			defaultConfigurationName = Release;
		};
		CB1621F72B30B83400D2E6EF /* Build configuration list for PBXNativeTarget "Note-Taking" */ = {
			isa = XCConfigurationList;
			buildConfigurations = (
				CB1621F82B30B83400D2E6EF /* Debug */,
				CB1621F92B30B83400D2E6EF /* Release */,
			);
			defaultConfigurationIsVisible = 0;
			defaultConfigurationName = Release;
		};
		CB1621FA2B30B83400D2E6EF /* Build configuration list for PBXNativeTarget "Note-TakingTests" */ = {
			isa = XCConfigurationList;
			buildConfigurations = (
				CB1621FB2B30B83400D2E6EF /* Debug */,
				CB1621FC2B30B83400D2E6EF /* Release */,
			);
			defaultConfigurationIsVisible = 0;
			defaultConfigurationName = Release;
		};
		CB1621FD2B30B83400D2E6EF /* Build configuration list for PBXNativeTarget "Note-TakingUITests" */ = {
			isa = XCConfigurationList;
			buildConfigurations = (
				CB1621FE2B30B83400D2E6EF /* Debug */,
				CB1621FF2B30B83400D2E6EF /* Release */,
			);
			defaultConfigurationIsVisible = 0;
			defaultConfigurationName = Release;
		};
/* End XCConfigurationList section */
	};
	rootObject = CB1621CB2B30B83300D2E6EF /* Project object */;
}
